{
  "lockfile-version": 1,
  "manifest": {
    "schema-version": "1.12.0",
    "install": {
      "delve": {
        "pkg-path": "delve"
      },
      "git": {
        "pkg-path": "git"
      },
      "go": {
        "pkg-path": "go_1_26"
      },
      "golangci-lint": {
        "pkg-path": "golangci-lint"
      },
      "gotools": {
        "pkg-path": "gotools"
      },
      "jq": {
        "pkg-path": "jq"
      },
      "just": {
        "pkg-path": "just"
      }
    },
    "vars": {
      "CGO_ENABLED": "0",
      "GO111MODULE": "on"
    },
    "hook": {
      "on-activate": "export GOENV=\"${GOENV:-${FLOX_ENV_CACHE}/goenv}\"\nexport GOCACHE=\"${GOCACHE:-${FLOX_ENV_CACHE}/go-build}\"\nexport GOMODCACHE=\"${GOMODCACHE:-${FLOX_ENV_CACHE}/go/pkg/mod}\"\nmkdir -p \"$GOENV\" \"$GOCACHE\" \"$GOMODCACHE\"\n"
    },
    "options": {
      "systems": [
        "aarch64-darwin",
        "x86_64-darwin",
        "aarch64-linux",
        "x86_64-linux"
      ]
    }
  },
  "packages": [
    {
      "attr_path": "delve",
      "broken": false,
      "derivation": "/nix/store/7fr8sb7ga7mpn3qjw6mb6spd35q8mcf5-delve-1.26.1.drv",
      "description": "Debugger for the Go programming language",
      "install_id": "delve",
      "license": "MIT",
      "locked_url": "https://github.com/flox/nixpkgs?rev=549bd84d6279f9852cae6225e372cc67fb91a4c1",
      "name": "delve-1.26.1",
      "pname": "delve",
      "rev": "549bd84d6279f9852cae6225e372cc67fb91a4c1",
      "rev_count": 992384,
      "rev_date": "2026-05-05T04:14:16Z",
      "scrape_date": "2026-05-06T08:07:15.872369Z",
      "stabilities": [
        "staging",
        "unstable"
      ],
      "unfree": false,
      "version": "1.26.1",
      "outputs_to_install": [
        "out"
      ],
      "outputs": {
        "out": "/nix/store/bdff6lbylj0wi5p1wsbm90ss1zr0qiz8-delve-1.26.1"
      },
      "system": "aarch64-darwin",
      "group": "toplevel",
      "priority": 5
    },
    {
      "attr_path": "delve",
      "broken": false,
      "derivation": "/nix/store/diqg557mllqyh6nx59f6nhalalszmj7n-delve-1.26.1.drv",
      "description": "Debugger for the Go programming language",
      "install_id": "delve",
      "license": "MIT",
      "locked_url": "https://github.com/flox/nixpkgs?rev=549bd84d6279f9852cae6225e372cc67fb91a4c1",
      "name": "delve-1.26.1",
      "pname": "delve",
      "rev": "549bd84d6279f9852cae6225e372cc67fb91a4c1",
      "rev_count": 992384,
      "rev_date": "2026-05-05T04:14:16Z",
      "scrape_date": "2026-05-06T08:43:44.991305Z",
      "stabilities": [
        "staging",
        "unstable"
      ],
      "unfree": false,
      "version": "1.26.1",
      "outputs_to_install": [
        "out"
      ],
      "outputs": {
        "out": "/nix/store/2g0yv2gwxrp6rz4d1rx6w5qx0nri93hd-delve-1.26.1"
      },
      "system": "aarch64-linux",
      "group": "toplevel",
      "priority": 5
    },
    {
      "attr_path": "delve",
      "broken": false,
      "derivation": "/nix/store/g95khh816nysxskm800bn4lpqx9idmf9-delve-1.26.1.drv",
      "description": "Debugger for the Go programming language",
      "install_id": "delve",
      "license": "MIT",
      "locked_url": "https://github.com/flox/nixpkgs?rev=549bd84d6279f9852cae6225e372cc67fb91a4c1",
      "name": "delve-1.26.1",
      "pname": "delve",
      "rev": "549bd84d6279f9852cae6225e372cc67fb91a4c1",
      "rev_count": 992384,
      "rev_date": "2026-05-05T04:14:16Z",
      "scrape_date": "2026-05-06T09:16:09.794469Z",
      "stabilities": [
        "staging",
        "unstable"
      ],
      "unfree": false,
      "version": "1.26.1",
      "outputs_to_install": [
        "out"
      ],
      "outputs": {
        "out": "/nix/store/78y4svaacikdphxpi5pghr253j3b4h73-delve-1.26.1"
      },
      "system": "x86_64-darwin",
      "group": "toplevel",
      "priority": 5
    },
    {
      "attr_path": "delve",
      "broken": false,
      "derivation": "/nix/store/j24n0xqgbzv101wb6pqggg9njhvhphin-delve-1.26.1.drv",
      "description": "Debugger for the Go programming language",
      "install_id": "delve",
      "license": "MIT",
      "locked_url": "https://github.com/flox/nixpkgs?rev=549bd84d6279f9852cae6225e372cc67fb91a4c1",
      "name": "delve-1.26.1",
      "pname": "delve",
      "rev": "549bd84d6279f9852cae6225e372cc67fb91a4c1",
      "rev_count": 992384,
      "rev_date": "2026-05-05T04:14:16Z",
      "scrape_date": "2026-05-06T09:52:23.741055Z",
      "stabilities": [
        "staging",
        "unstable"
      ],
      "unfree": false,
      "version": "1.26.1",
      "outputs_to_install": [
        "out"
      ],
      "outputs": {
        "out": "/nix/store/6qbyi9hnp8haj2xjpcbkn8sgbi8nz61v-delve-1.26.1"
      },
      "system": "x86_64-linux",
      "group": "toplevel",
      "priority": 5
    },
    {
      "attr_path": "git",
      "broken": false,
      "derivation": "/nix/store/9n758xnd7s67zz9naiivygz24pv7zpr4-git-2.53.0.drv",
      "description": "Distributed version control system",
      "install_id": "git",
      "license": "GPL-2.0",
      "locked_url": "https://github.com/flox/nixpkgs?rev=549bd84d6279f9852cae6225e372cc67fb91a4c1",
      "name": "git-2.53.0",
      "pname": "git",
      "rev": "549bd84d6279f9852cae6225e372cc67fb91a4c1",
      "rev_count": 992384,
      "rev_date": "2026-05-05T04:14:16Z",
      "scrape_date": "2026-05-06T08:07:16.514678Z",
      "stabilities": [
        "staging",
        "unstable"
      ],
      "unfree": false,
      "version": "2.53.0",
      "outputs_to_install": [
        "out",
        "out"
      ],
      "outputs": {
        "doc": "/nix/store/0kjpgj1grgba239ykdnv1cjc61xqk3aa-git-2.53.0-doc",
        "out": "/nix/store/5y6cp247hspkqa7pp6cbc4540ygx0249-git-2.53.0"
      },
      "system": "aarch64-darwin",
      "group": "toplevel",
      "priority": 5
    },
    {
      "attr_path": "git",
      "broken": false,
      "derivation": "/nix/store/y0zdc38hb5flnbzx9a8sia7azv917jvc-git-2.53.0.drv",
      "description": "Distributed version control system",
      "install_id": "git",
      "license": "GPL-2.0",
      "locked_url": "https://github.com/flox/nixpkgs?rev=549bd84d6279f9852cae6225e372cc67fb91a4c1",
      "name": "git-2.53.0",
      "pname": "git",
      "rev": "549bd84d6279f9852cae6225e372cc67fb91a4c1",
      "rev_count": 992384,
      "rev_date": "2026-05-05T04:14:16Z",
      "scrape_date": "2026-05-06T08:43:45.985160Z",
      "stabilities": [
        "staging",
        "unstable"
      ],
      "unfree": false,
      "version": "2.53.0",
      "outputs_to_install": [
        "out",
        "out"
      ],
      "outputs": {
        "debug": "/nix/store/rc56a3l2wby94gk9gvirpwi9hv9v15gi-git-2.53.0-debug",
        "doc": "/nix/store/q8j5mwix1g75xyq025d3hmringklm52z-git-2.53.0-doc",
        "out": "/nix/store/gx9r7g2kyrjhh0zhgxz91f5nbczxh1ac-git-2.53.0"
      },
      "system": "aarch64-linux",
      "group": "toplevel",
      "priority": 5
    },
    {
      "attr_path": "git",
      "broken": false,
      "derivation": "/nix/store/mpa3y57ch7a3rz55183a886hq2g4h9wm-git-2.53.0.drv",
      "description": "Distributed version control system",
      "install_id": "git",
      "license": "GPL-2.0",
      "locked_url": "https://github.com/flox/nixpkgs?rev=549bd84d6279f9852cae6225e372cc67fb91a4c1",
      "name": "git-2.53.0",
      "pname": "git",
      "rev": "549bd84d6279f9852cae6225e372cc67fb91a4c1",
      "rev_count": 992384,
      "rev_date": "2026-05-05T04:14:16Z",
      "scrape_date": "2026-05-06T09:16:10.426890Z",
      "stabilities": [
        "staging",
        "unstable"
      ],
      "unfree": false,
      "version": "2.53.0",
      "outputs_to_install": [
        "out",
        "out"
      ],
      "outputs": {
        "doc": "/nix/store/9jcm7zadfi5wsic3kizs4x71a8dqlj83-git-2.53.0-doc",
        "out": "/nix/store/zar16r8w28c6qjdh3xqnkjcmvjjqwi77-git-2.53.0"
      },
      "system": "x86_64-darwin",
      "group": "toplevel",
      "priority": 5
    },
    {
      "attr_path": "git",
      "broken": false,
      "derivation": "/nix/store/gz2q1wq6ckyphg0q08nq9q93g1a6x561-git-2.53.0.drv",
      "description": "Distributed version control system",
      "install_id": "git",
      "license": "GPL-2.0",
      "locked_url": "https://github.com/flox/nixpkgs?rev=549bd84d6279f9852cae6225e372cc67fb91a4c1",
      "name": "git-2.53.0",
      "pname": "git",
      "rev": "549bd84d6279f9852cae6225e372cc67fb91a4c1",
      "rev_count": 992384,
      "rev_date": "2026-05-05T04:14:16Z",
      "scrape_date": "2026-05-06T09:52:24.820969Z",
      "stabilities": [
        "staging",
        "unstable"
      ],
      "unfree": false,
      "version": "2.53.0",
      "outputs_to_install": [
        "out",
        "out",
        "out",
        "out"
      ],
      "outputs": {
        "debug": "/nix/store/qyqya20z59d164d6692hlyb9pkq10ykk-git-2.53.0-debug",
        "doc": "/nix/store/vv1ap6qaxdzpa4jqg71myxh5wcvnlqv8-git-2.53.0-doc",
        "out": "/nix/store/c0277k5giric1mn9dklllavbzvxl6hzb-git-2.53.0"
      },
      "system": "x86_64-linux",
      "group": "toplevel",
      "priority": 5
    },
    {
      "attr_path": "go_1_26",
      "broken": false,
      "derivation": "/nix/store/97qfa61h35q0nqppixvxknsq6wj612gv-go-1.26.2.drv",
      "description": "Go Programming language",
      "install_id": "go",
      "license": "BSD-3-Clause",
      "locked_url": "https://github.com/flox/nixpkgs?rev=549bd84d6279f9852cae6225e372cc67fb91a4c1",
      "name": "go-1.26.2",
      "pname": "go_1_26",
      "rev": "549bd84d6279f9852cae6225e372cc67fb91a4c1",
      "rev_count": 992384,
      "rev_date": "2026-05-05T04:14:16Z",
      "scrape_date": "2026-05-06T08:07:16.669445Z",
      "stabilities": [
        "staging",
        "unstable"
      ],
      "unfree": false,
      "version": "1.26.2",
      "outputs_to_install": [
        "out"
      ],
      "outputs": {
        "out": "/nix/store/fkzywh7rg8lg1n2p0r161iqjwhz540wx-go-1.26.2"
      },
      "system": "aarch64-darwin",
      "group": "toplevel",
      "priority": 5
    },
    {
      "attr_path": "go_1_26",
      "broken": false,
      "derivation": "/nix/store/79wmlk24kqdnxmpj5l833ib2fsxpwca0-go-1.26.2.drv",
      "description": "Go Programming language",
      "install_id": "go",
      "license": "BSD-3-Clause",
      "locked_url": "https://github.com/flox/nixpkgs?rev=549bd84d6279f9852cae6225e372cc67fb91a4c1",
      "name": "go-1.26.2",
      "pname": "go_1_26",
      "rev": "549bd84d6279f9852cae6225e372cc67fb91a4c1",
      "rev_count": 992384,
      "rev_date": "2026-05-05T04:14:16Z",
      "scrape_date": "2026-05-06T08:43:46.700740Z",
      "stabilities": [
        "staging",
        "unstable"
      ],
      "unfree": false,
      "version": "1.26.2",
      "outputs_to_install": [
        "out"
      ],
      "outputs": {
        "out": "/nix/store/w4i7p78y3735jcy69sk4lcy9zyxr0cav-go-1.26.2"
      },
      "system": "aarch64-linux",
      "group": "toplevel",
      "priority": 5
    },
    {
      "attr_path": "go_1_26",
      "broken": false,
      "derivation": "/nix/store/7f579nxnclv9nql5z2d5g2qyv7zfdl16-go-1.26.2.drv",
      "description": "Go Programming language",
      "install_id": "go",
      "license": "BSD-3-Clause",
      "locked_url": "https://github.com/flox/nixpkgs?rev=549bd84d6279f9852cae6225e372cc67fb91a4c1",
      "name": "go-1.26.2",
      "pname": "go_1_26",
      "rev": "549bd84d6279f9852cae6225e372cc67fb91a4c1",
      "rev_count": 992384,
      "rev_date": "2026-05-05T04:14:16Z",
      "scrape_date": "2026-05-06T09:16:10.606399Z",
      "stabilities": [
        "staging",
        "unstable"
      ],
      "unfree": false,
      "version": "1.26.2",
      "outputs_to_install": [
        "out"
      ],
      "outputs": {
        "out": "/nix/store/g0b45l45nlb1kqiywzja7fh49yn7lla5-go-1.26.2"
      },
      "system": "x86_64-darwin",
      "group": "toplevel",
      "priority": 5
    },
    {
      "attr_path": "go_1_26",
      "broken": false,
      "derivation": "/nix/store/5a501r66jxszbpw9af1q1a5z3rnrcmfs-go-1.26.2.drv",
      "description": "Go Programming language",
      "install_id": "go",
      "license": "BSD-3-Clause",
      "locked_url": "https://github.com/flox/nixpkgs?rev=549bd84d6279f9852cae6225e372cc67fb91a4c1",
      "name": "go-1.26.2",
      "pname": "go_1_26",
      "rev": "549bd84d6279f9852cae6225e372cc67fb91a4c1",
      "rev_count": 992384,
      "rev_date": "2026-05-05T04:14:16Z",
      "scrape_date": "2026-05-06T09:52:25.594476Z",
      "stabilities": [
        "staging",
        "unstable"
      ],
      "unfree": false,
      "version": "1.26.2",
      "outputs_to_install": [
        "out"
      ],
      "outputs": {
        "out": "/nix/store/dimnagks1qsp7180yw74z0npp7z2ihs3-go-1.26.2"
      },
      "system": "x86_64-linux",
      "group": "toplevel",
      "priority": 5
    },
    {
      "attr_path": "golangci-lint",
      "broken": false,
      "derivation": "/nix/store/b82kllpaafi48vgpbw1x910y25hkhbjz-golangci-lint-2.12.1.drv",
      "description": "Fast linters Runner for Go",
      "install_id": "golangci-lint",
      "license": "GPL-3.0-or-later",
      "locked_url": "https://github.com/flox/nixpkgs?rev=549bd84d6279f9852cae6225e372cc67fb91a4c1",
      "name": "golangci-lint-2.12.1",
      "pname": "golangci-lint",
      "rev": "549bd84d6279f9852cae6225e372cc67fb91a4c1",
      "rev_count": 992384,
      "rev_date": "2026-05-05T04:14:16Z",
      "scrape_date": "2026-05-06T08:07:16.707349Z",
      "stabilities": [
        "staging",
        "unstable"
      ],
      "unfree": false,
      "version": "2.12.1",
      "outputs_to_install": [
        "out"
      ],
      "outputs": {
        "out": "/nix/store/92rsig5m8sal5mvd0g6hndk2g6ik1z0q-golangci-lint-2.12.1"
      },
      "system": "aarch64-darwin",
      "group": "toplevel",
      "priority": 5
    },
    {
      "attr_path": "golangci-lint",
      "broken": false,
      "derivation": "/nix/store/4mmrqckx7wq74gknb2b1jpsz4kmygbqd-golangci-lint-2.12.1.drv",
      "description": "Fast linters Runner for Go",
      "install_id": "golangci-lint",
      "license": "GPL-3.0-or-later",
      "locked_url": "https://github.com/flox/nixpkgs?rev=549bd84d6279f9852cae6225e372cc67fb91a4c1",
      "name": "golangci-lint-2.12.1",
      "pname": "golangci-lint",
      "rev": "549bd84d6279f9852cae6225e372cc67fb91a4c1",
      "rev_count": 992384,
      "rev_date": "2026-05-05T04:14:16Z",
      "scrape_date": "2026-05-06T08:43:46.763931Z",
      "stabilities": [
        "staging",
        "unstable"
      ],
      "unfree": false,
      "version": "2.12.1",
      "outputs_to_install": [
        "out"
      ],
      "outputs": {
        "out": "/nix/store/xgrdar6f5f5f0wsaplvrk9pcj5ynxgzk-golangci-lint-2.12.1"
      },
      "system": "aarch64-linux",
      "group": "toplevel",
      "priority": 5
    },
    {
      "attr_path": "golangci-lint",
      "broken": false,
      "derivation": "/nix/store/4nri768g296vgyasas4g6xpfbf1bmrrw-golangci-lint-2.12.1.drv",
      "description": "Fast linters Runner for Go",
      "install_id": "golangci-lint",
      "license": "GPL-3.0-or-later",
      "locked_url": "https://github.com/flox/nixpkgs?rev=549bd84d6279f9852cae6225e372cc67fb91a4c1",
      "name": "golangci-lint-2.12.1",
      "pname": "golangci-lint",
      "rev": "549bd84d6279f9852cae6225e372cc67fb91a4c1",
      "rev_count": 992384,
      "rev_date": "2026-05-05T04:14:16Z",
      "scrape_date": "2026-05-06T09:16:10.644094Z",
      "stabilities": [
        "staging",
        "unstable"
      ],
      "unfree": false,
      "version": "2.12.1",
      "outputs_to_install": [
        "out"
      ],
      "outputs": {
        "out": "/nix/store/56qsf8n1w43zy70jpaa6habdgnj952kc-golangci-lint-2.12.1"
      },
      "system": "x86_64-darwin",
      "group": "toplevel",
      "priority": 5
    },
    {
      "attr_path": "golangci-lint",
      "broken": false,
      "derivation": "/nix/store/nmw1lya8h23lql04x01f7l5p6v12r256-golangci-lint-2.12.1.drv",
      "description": "Fast linters Runner for Go",
      "install_id": "golangci-lint",
      "license": "GPL-3.0-or-later",
      "locked_url": "https://github.com/flox/nixpkgs?rev=549bd84d6279f9852cae6225e372cc67fb91a4c1",
      "name": "golangci-lint-2.12.1",
      "pname": "golangci-lint",
      "rev": "549bd84d6279f9852cae6225e372cc67fb91a4c1",
      "rev_count": 992384,
      "rev_date": "2026-05-05T04:14:16Z",
      "scrape_date": "2026-05-06T09:52:25.658945Z",
      "stabilities": [
        "staging",
        "unstable"
      ],
      "unfree": false,
      "version": "2.12.1",
      "outputs_to_install": [
        "out"
      ],
      "outputs": {
        "out": "/nix/store/hpv708amhrwsfgq75haw3vbzbp9nnsjv-golangci-lint-2.12.1"
      },
      "system": "x86_64-linux",
      "group": "toplevel",
      "priority": 5
    },
    {
      "attr_path": "gotools",
      "broken": false,
      "derivation": "/nix/store/bzvv11n16rzklgqmqwdl525sgj4f0mly-gotools-0.44.0.drv",
      "description": "Additional tools for Go development",
      "install_id": "gotools",
      "license": "BSD-3-Clause",
      "locked_url": "https://github.com/flox/nixpkgs?rev=549bd84d6279f9852cae6225e372cc67fb91a4c1",
      "name": "gotools-0.44.0",
      "pname": "gotools",
      "rev": "549bd84d6279f9852cae6225e372cc67fb91a4c1",
      "rev_count": 992384,
      "rev_date": "2026-05-05T04:14:16Z",
      "scrape_date": "2026-05-06T08:07:16.744154Z",
      "stabilities": [
        "staging",
        "unstable"
      ],
      "unfree": false,
      "version": "0.44.0",
      "outputs_to_install": [
        "out"
      ],
      "outputs": {
        "out": "/nix/store/v4ydl55gm80rj9lky6qrinj5df1vi8lv-gotools-0.44.0"
      },
      "system": "aarch64-darwin",
      "group": "toplevel",
      "priority": 5
    },
    {
      "attr_path": "gotools",
      "broken": false,
      "derivation": "/nix/store/qb5jlsgzj6iljnvqm61s1c63bxcd58yq-gotools-0.44.0.drv",
      "description": "Additional tools for Go development",
      "install_id": "gotools",
      "license": "BSD-3-Clause",
      "locked_url": "https://github.com/flox/nixpkgs?rev=549bd84d6279f9852cae6225e372cc67fb91a4c1",
      "name": "gotools-0.44.0",
      "pname": "gotools",
      "rev": "549bd84d6279f9852cae6225e372cc67fb91a4c1",
      "rev_count": 992384,
      "rev_date": "2026-05-05T04:14:16Z",
      "scrape_date": "2026-05-06T08:43:46.823683Z",
      "stabilities": [
        "staging",
        "unstable"
      ],
      "unfree": false,
      "version": "0.44.0",
      "outputs_to_install": [
        "out"
      ],
      "outputs": {
        "out": "/nix/store/wqhapxzcq77zv0c867k0991m3vv0r3g3-gotools-0.44.0"
      },
      "system": "aarch64-linux",
      "group": "toplevel",
      "priority": 5
    },
    {
      "attr_path": "gotools",
      "broken": false,
      "derivation": "/nix/store/akc8bg7m48q3qv6bmr0vb1p963v9m77q-gotools-0.44.0.drv",
      "description": "Additional tools for Go development",
      "install_id": "gotools",
      "license": "BSD-3-Clause",
      "locked_url": "https://github.com/flox/nixpkgs?rev=549bd84d6279f9852cae6225e372cc67fb91a4c1",
      "name": "gotools-0.44.0",
      "pname": "gotools",
      "rev": "549bd84d6279f9852cae6225e372cc67fb91a4c1",
      "rev_count": 992384,
      "rev_date": "2026-05-05T04:14:16Z",
      "scrape_date": "2026-05-06T09:16:10.681498Z",
      "stabilities": [
        "staging",
        "unstable"
      ],
      "unfree": false,
      "version": "0.44.0",
      "outputs_to_install": [
        "out"
      ],
      "outputs": {
        "out": "/nix/store/7w1qflv2b0mgfia3xjnkghhyanv1rgzk-gotools-0.44.0"
      },
      "system": "x86_64-darwin",
      "group": "toplevel",
      "priority": 5
    },
    {
      "attr_path": "gotools",
      "broken": false,
      "derivation": "/nix/store/xzd7makiai2vxcnllq4af9fl9qql8b1h-gotools-0.44.0.drv",
      "description": "Additional tools for Go development",
      "install_id": "gotools",
      "license": "BSD-3-Clause",
      "locked_url": "https://github.com/flox/nixpkgs?rev=549bd84d6279f9852cae6225e372cc67fb91a4c1",
      "name": "gotools-0.44.0",
      "pname": "gotools",
      "rev": "549bd84d6279f9852cae6225e372cc67fb91a4c1",
      "rev_count": 992384,
      "rev_date": "2026-05-05T04:14:16Z",
      "scrape_date": "2026-05-06T09:52:25.721792Z",
      "stabilities": [
        "staging",
        "unstable"
      ],
      "unfree": false,
      "version": "0.44.0",
      "outputs_to_install": [
        "out"
      ],
      "outputs": {
        "out": "/nix/store/mip3wvnnvakhk9q3jjr9b169lq6v60ln-gotools-0.44.0"
      },
      "system": "x86_64-linux",
      "group": "toplevel",
      "priority": 5
    },
    {
      "attr_path": "jq",
      "broken": false,
      "derivation": "/nix/store/8m1acd54mxn25zahyn0scbi10a49v91c-jq-1.8.1.drv",
      "description": "Lightweight and flexible command-line JSON processor",
      "install_id": "jq",
      "license": "MIT",
      "locked_url": "https://github.com/flox/nixpkgs?rev=549bd84d6279f9852cae6225e372cc67fb91a4c1",
      "name": "jq-1.8.1",
      "pname": "jq",
      "rev": "549bd84d6279f9852cae6225e372cc67fb91a4c1",
      "rev_count": 992384,
      "rev_date": "2026-05-05T04:14:16Z",
      "scrape_date": "2026-05-06T08:07:32.109764Z",
      "stabilities": [
        "staging",
        "unstable"
      ],
      "unfree": false,
      "version": "1.8.1",
      "outputs_to_install": [
        "bin",
        "bin",
        "bin",
        "man",
        "man"
      ],
      "outputs": {
        "bin": "/nix/store/zpaiv3csv85i5qdhwlivlbg8a5clnqmh-jq-1.8.1-bin",
        "dev": "/nix/store/h46rnp90pvk5ky12r9drbzhl1fqlmjnf-jq-1.8.1-dev",
        "doc": "/nix/store/iksz05vk9j78ls9agfg9blhax9azgv69-jq-1.8.1-doc",
        "man": "/nix/store/vs9rx9xgqachcay4mn95m1gwifzxrhm4-jq-1.8.1-man",
        "out": "/nix/store/inmyqx7646xrcqrwxipacv5gkf3ca6m3-jq-1.8.1"
      },
      "system": "aarch64-darwin",
      "group": "toplevel",
      "priority": 5
    },
    {
      "attr_path": "jq",
      "broken": false,
      "derivation": "/nix/store/6bm9kiq3c81i6f3hs1qdvk281w8sjk1s-jq-1.8.1.drv",
      "description": "Lightweight and flexible command-line JSON processor",
      "install_id": "jq",
      "license": "MIT",
      "locked_url": "https://github.com/flox/nixpkgs?rev=549bd84d6279f9852cae6225e372cc67fb91a4c1",
      "name": "jq-1.8.1",
      "pname": "jq",
      "rev": "549bd84d6279f9852cae6225e372cc67fb91a4c1",
      "rev_count": 992384,
      "rev_date": "2026-05-05T04:14:16Z",
      "scrape_date": "2026-05-06T08:44:06.727213Z",
      "stabilities": [
        "staging",
        "unstable"
      ],
      "unfree": false,
      "version": "1.8.1",
      "outputs_to_install": [
        "bin",
        "bin",
        "bin",
        "man"
      ],
      "outputs": {
        "bin": "/nix/store/blgzs73jx017qji4n78v4wg1qxcg3cav-jq-1.8.1-bin",
        "dev": "/nix/store/lx675fc624glij1dh9iw89pavkvfkv73-jq-1.8.1-dev",
        "doc": "/nix/store/r992wf8cylhf9ayxwf64lawdfxcr4cl8-jq-1.8.1-doc",
        "man": "/nix/store/s8h2klkc7rw485yqj3s73ancc5915v2m-jq-1.8.1-man",
        "out": "/nix/store/2v9443fs97gdg5mz9lk3q603hryhqijm-jq-1.8.1"
      },
      "system": "aarch64-linux",
      "group": "toplevel",
      "priority": 5
    },
    {
      "attr_path": "jq",
      "broken": false,
      "derivation": "/nix/store/kma4dqri44q18xcdicm42rh69fvxf2q8-jq-1.8.1.drv",
      "description": "Lightweight and flexible command-line JSON processor",
      "install_id": "jq",
      "license": "MIT",
      "locked_url": "https://github.com/flox/nixpkgs?rev=549bd84d6279f9852cae6225e372cc67fb91a4c1",
      "name": "jq-1.8.1",
      "pname": "jq",
      "rev": "549bd84d6279f9852cae6225e372cc67fb91a4c1",
      "rev_count": 992384,
      "rev_date": "2026-05-05T04:14:16Z",
      "scrape_date": "2026-05-06T09:16:26.119933Z",
      "stabilities": [
        "staging",
        "unstable"
      ],
      "unfree": false,
      "version": "1.8.1",
      "outputs_to_install": [
        "bin",
        "bin",
        "man"
      ],
      "outputs": {
        "bin": "/nix/store/cpq0n6nrgs7jwyr121qshzk2fvjkmjbh-jq-1.8.1-bin",
        "dev": "/nix/store/0p7h41icsq99c08sym6iw4wzdsl35r13-jq-1.8.1-dev",
        "doc": "/nix/store/h6wn2lzbxq1v2dypaj4kpv4nnkkm9yld-jq-1.8.1-doc",
        "man": "/nix/store/flsm1xvpbr9681y4y8101v5c5m3qmcim-jq-1.8.1-man",
        "out": "/nix/store/spn7m9y4302yvw9zafpy1g2sz3z9xnx1-jq-1.8.1"
      },
      "system": "x86_64-darwin",
      "group": "toplevel",
      "priority": 5
    },
    {
      "attr_path": "jq",
      "broken": false,
      "derivation": "/nix/store/b7xrk5idxkza33wiaizqzs9fqzvw5lqb-jq-1.8.1.drv",
      "description": "Lightweight and flexible command-line JSON processor",
      "install_id": "jq",
      "license": "MIT",
      "locked_url": "https://github.com/flox/nixpkgs?rev=549bd84d6279f9852cae6225e372cc67fb91a4c1",
      "name": "jq-1.8.1",
      "pname": "jq",
      "rev": "549bd84d6279f9852cae6225e372cc67fb91a4c1",
      "rev_count": 992384,
      "rev_date": "2026-05-05T04:14:16Z",
      "scrape_date": "2026-05-06T09:52:45.475523Z",
      "stabilities": [
        "staging",
        "unstable"
      ],
      "unfree": false,
      "version": "1.8.1",
      "outputs_to_install": [
        "bin",
        "bin",
        "bin",
        "bin",
        "bin",
        "man"
      ],
      "outputs": {
        "bin": "/nix/store/v5c3inhfq6xshmwg1c254vfbcy4jp3k9-jq-1.8.1-bin",
        "dev": "/nix/store/p8x5zv9s9qg3ld8b7jdm03hkpdqybjl9-jq-1.8.1-dev",
        "doc": "/nix/store/g2wlgi44rn837jdirpwi3lk5f2iy13zg-jq-1.8.1-doc",
        "man": "/nix/store/lsyqny7h1riwhzajwy2vjjdd63viiwvm-jq-1.8.1-man",
        "out": "/nix/store/09bq2i0kb008ccg3qdbyxv81ggxxnn09-jq-1.8.1"
      },
      "system": "x86_64-linux",
      "group": "toplevel",
      "priority": 5
    },
    {
      "attr_path": "just",
      "broken": false,
      "derivation": "/nix/store/qwwchl76sldxw4gk521b8b7p6ybzrp6q-just-1.50.0.drv",
      "description": "Handy way to save and run project-specific commands",
      "install_id": "just",
      "license": "CC0-1.0",
      "locked_url": "https://github.com/flox/nixpkgs?rev=549bd84d6279f9852cae6225e372cc67fb91a4c1",
      "name": "just-1.50.0",
      "pname": "just",
      "rev": "549bd84d6279f9852cae6225e372cc67fb91a4c1",
      "rev_count": 992384,
      "rev_date": "2026-05-05T04:14:16Z",
      "scrape_date": "2026-05-06T08:07:32.237313Z",
      "stabilities": [
        "staging",
        "unstable"
      ],
      "unfree": false,
      "version": "1.50.0",
      "outputs_to_install": [
        "man",
        "out"
      ],
      "outputs": {
        "doc": "/nix/store/9n71gassrpdy0nz4gfcrwvmkb4rwyd3g-just-1.50.0-doc",
        "man": "/nix/store/daf30m3si50cl7xga42g0cqgdwaxj6ys-just-1.50.0-man",
        "out": "/nix/store/qxqsxk2614qpcb7l32svpjmmb1sm7ya1-just-1.50.0"
      },
      "system": "aarch64-darwin",
      "group": "toplevel",
      "priority": 5
    },
    {
      "attr_path": "just",
      "broken": false,
      "derivation": "/nix/store/k9vbgx73yq86ffaymd99z2i8zj6k3ppj-just-1.50.0.drv",
      "description": "Handy way to save and run project-specific commands",
      "install_id": "just",
      "license": "CC0-1.0",
      "locked_url": "https://github.com/flox/nixpkgs?rev=549bd84d6279f9852cae6225e372cc67fb91a4c1",
      "name": "just-1.50.0",
      "pname": "just",
      "rev": "549bd84d6279f9852cae6225e372cc67fb91a4c1",
      "rev_count": 992384,
      "rev_date": "2026-05-05T04:14:16Z",
      "scrape_date": "2026-05-06T08:44:06.887819Z",
      "stabilities": [
        "staging",
        "unstable"
      ],
      "unfree": false,
      "version": "1.50.0",
      "outputs_to_install": [
        "man",
        "out"
      ],
      "outputs": {
        "doc": "/nix/store/gg298zgvg5vmvzk0lmn9zq7j6kkab3qs-just-1.50.0-doc",
        "man": "/nix/store/59z0bx178i7c3vwmhawgajgpfmv43h5c-just-1.50.0-man",
        "out": "/nix/store/ayqw7hgkjs9b0f7v1qh96k316i9jpdw8-just-1.50.0"
      },
      "system": "aarch64-linux",
      "group": "toplevel",
      "priority": 5
    },
    {
      "attr_path": "just",
      "broken": false,
      "derivation": "/nix/store/vik7gkfcxl7hn3sczkpa72fh8k84n9w0-just-1.50.0.drv",
      "description": "Handy way to save and run project-specific commands",
      "install_id": "just",
      "license": "CC0-1.0",
      "locked_url": "https://github.com/flox/nixpkgs?rev=549bd84d6279f9852cae6225e372cc67fb91a4c1",
      "name": "just-1.50.0",
      "pname": "just",
      "rev": "549bd84d6279f9852cae6225e372cc67fb91a4c1",
      "rev_count": 992384,
      "rev_date": "2026-05-05T04:14:16Z",
      "scrape_date": "2026-05-06T09:16:26.237693Z",
      "stabilities": [
        "staging",
        "unstable"
      ],
      "unfree": false,
      "version": "1.50.0",
      "outputs_to_install": [
        "man",
        "out"
      ],
      "outputs": {
        "doc": "/nix/store/9d2i12jkmsyqw7bkcw3a9d0xki313xrp-just-1.50.0-doc",
        "man": "/nix/store/0pvkn1lzh85sav0cj3v36kpigxwypdhb-just-1.50.0-man",
        "out": "/nix/store/bmsgb4l7ldxj2zggcalfidzhkrgp03xq-just-1.50.0"
      },
      "system": "x86_64-darwin",
      "group": "toplevel",
      "priority": 5
    },
    {
      "attr_path": "just",
      "broken": false,
      "derivation": "/nix/store/q3ibm0a2m4flps30yw2k17zil4skh8ws-just-1.50.0.drv",
      "description": "Handy way to save and run project-specific commands",
      "install_id": "just",
      "license": "CC0-1.0",
      "locked_url": "https://github.com/flox/nixpkgs?rev=549bd84d6279f9852cae6225e372cc67fb91a4c1",
      "name": "just-1.50.0",
      "pname": "just",
      "rev": "549bd84d6279f9852cae6225e372cc67fb91a4c1",
      "rev_count": 992384,
      "rev_date": "2026-05-05T04:14:16Z",
      "scrape_date": "2026-05-06T09:52:45.635515Z",
      "stabilities": [
        "staging",
        "unstable"
      ],
      "unfree": false,
      "version": "1.50.0",
      "outputs_to_install": [
        "man",
        "out"
      ],
      "outputs": {
        "doc": "/nix/store/nk0p7b0n1fqg0sa2vasgavrhgi7xy9rz-just-1.50.0-doc",
        "man": "/nix/store/6mrjsdff8skgnnn0ngyim2i7wabk0c8x-just-1.50.0-man",
        "out": "/nix/store/vr4agmy8jw7f8kqynpizagdaqxy0ayw4-just-1.50.0"
      },
      "system": "x86_64-linux",
      "group": "toplevel",
      "priority": 5
    }
  ]
}
